{
  "lockfileVersion": 1,
  "configVersion": 1,
  "workspaces": {
    "": {
      "name": "fingoal",
      "dependencies": {
        "@supabase/supabase-js": "^2.45",
        "@tanstack/table-core": "^8.20",
        "culori": "^4.0",
        "lucide": "^0.469",
        "motion": "^11.0",
        "react": "^19.2.8",
        "react-dom": "^19.2.8",
      },
      "devDependencies": {
        "@types/bun": "latest",
        "@types/react": "^19.2.18",
        "@types/react-dom": "^19.2.4",
        "typescript": "^5.6",
      },
    },
  },
  "packages": {
    "@supabase/auth-js": ["@supabase/auth-js@2.112.0", "", { "dependencies": { "tslib": "2.8.1" } }, "sha512-8qAdObNQHKbSeVBLmf2WLNT7+bCE8zBofpCFiNUqGBAl5qw9VagSvcmPXlh78McAU7iHrGik1oeJxiB2A6B29w=="],

    "@supabase/functions-js": ["@supabase/functions-js@2.112.0", "", { "dependencies": { "tslib": "2.8.1" } }, "sha512-2DdaEZs0vq86orMIZBO+eM5w5/UxZb1EZyg2JraBKS4W9BzfFO+fOFD6YStmZ7iAOWvxNTGPjPNItsofpGgTCA=="],

    "@supabase/phoenix": ["@supabase/phoenix@0.4.5", "", {}, "sha512-aAn9H9ovVyeApKy11OWOrrOGq8DV68yWeH4ud2lN9fzn4aO8Zb5GLL9m1pUg9nLqIcT+ZDfAcsZe0E/nqdv2lw=="],

    "@supabase/postgrest-js": ["@supabase/postgrest-js@2.112.0", "", { "dependencies": { "tslib": "2.8.1" } }, "sha512-4HKCVq32Jlk/wS8Ud8QgaAuQ4u6w1hZfw/gS5IcIN7wYddElMj4kfiCZpHMPfncomMnYzAKBUhwBZPpRcTH2Yw=="],

    "@supabase/realtime-js": ["@supabase/realtime-js@2.112.0", "", { "dependencies": { "@supabase/phoenix": "0.4.5", "tslib": "2.8.1" } }, "sha512-McFFP+ivFDMTaCEh8JDpG+sPEmv5IjKvrP0uTH3Lbsriai4KbxB8ycY8TqPQnbjhOVjEifQm1q0y2tL1CUw9Zg=="],

    "@supabase/storage-js": ["@supabase/storage-js@2.112.0", "", { "dependencies": { "iceberg-js": "^0.8.1", "tslib": "2.8.1" } }, "sha512-X44Bl045X/e5e2tJqWsY+JmQvgtm04BJuijiWprIWYLn0mDvGnu8hLdzPOPcTVji7wlqbt2ZUHttsv+rGKQYXw=="],

    "@supabase/supabase-js": ["@supabase/supabase-js@2.112.0", "", { "dependencies": { "@supabase/auth-js": "2.112.0", "@supabase/functions-js": "2.112.0", "@supabase/postgrest-js": "2.112.0", "@supabase/realtime-js": "2.112.0", "@supabase/storage-js": "2.112.0" }, "peerDependencies": { "@opentelemetry/api": ">=1.0.0" }, "optionalPeers": ["@opentelemetry/api"] }, "sha512-dHVOgog58GOagtrZuPxJYg/R45ZV2U0qqgXffH+lMlt1OS+267Pw4g7bw3iXCGxN85OufiE0nI1baxDXlgEyfQ=="],

    "@tanstack/table-core": ["@tanstack/table-core@8.21.3", "", {}, "sha512-ldZXEhOBb8Is7xLs01fR3YEc3DERiz5silj8tnGkFZytt1abEvl/GhUmCE0PMLaMPTa3Jk4HbKmRlHmu+gCftg=="],

    "@types/bun": ["@types/bun@1.3.14", "", { "dependencies": { "bun-types": "1.3.14" } }, "sha512-h1hFqFVcvAvD9j9K7ZW7vd82aSA+rTdznZa+5bwvCwqSB1jmmfLcbIWhOLx1/+boy/xmjgCs/OMUL8hRJSmnPw=="],

    "@types/node": ["@types/node@26.1.2", "", { "dependencies": { "undici-types": "~8.3.0" } }, "sha512-Vu4a5UFA9rIIFJ7rB/Vaafh9lrCQszopTCx6KjFboXTGQbPNasehVR5TEiithSDGyd1DEiUByggTZsg8jukeIg=="],

    "@types/react": ["@types/react@19.2.18", "", { "dependencies": { "csstype": "^3.2.2" } }, "sha512-AnzbBERsrLKtk2XSfTbYRLjQPdy116Sty4q+T+Bp3IC4l6jNBvreVPAHmpq9qhXQM7CXZPjLVmGMw9sy+hxQ3w=="],

    "@types/react-dom": ["@types/react-dom@19.2.4", "", { "peerDependencies": { "@types/react": "^19.2.0" } }, "sha512-Bsc+QHgp+P/F02XDzNCY9jnZNCUuLki36KT7VKrTXXLdHf+vHMNZnW1rVu5DNW/rCK+fya3DATySbLM4yhtKUw=="],

    "bun-types": ["bun-types@1.3.14", "", { "dependencies": { "@types/node": "*" } }, "sha512-4N0ig0fEomHt5R0KCFWjovxow98rIoRwKolrYdCcknNwMekCXRnWEUvgu5soYV8QXtVsrUD8B95MBOZGPvr6KQ=="],

    "csstype": ["csstype@3.2.3", "", {}, "sha512-z1HGKcYy2xA8AGQfwrn0PAy+PB7X/GSj3UVJW9qKyn43xWa+gl5nXmU4qqLMRzWVLFC8KusUX8T/0kCiOYpAIQ=="],

    "culori": ["culori@4.0.2", "", {}, "sha512-1+BhOB8ahCn4O0cep0Sh2l9KCOfOdY+BXJnKMHFFzDEouSr/el18QwXEMRlOj9UY5nCeA8UN3a/82rUWRBeyBw=="],

    "framer-motion": ["framer-motion@11.18.2", "", { "dependencies": { "motion-dom": "^11.18.1", "motion-utils": "^11.18.1", "tslib": "^2.4.0" }, "peerDependencies": { "@emotion/is-prop-valid": "*", "react": "^18.0.0 || ^19.0.0", "react-dom": "^18.0.0 || ^19.0.0" }, "optionalPeers": ["@emotion/is-prop-valid", "react", "react-dom"] }, "sha512-5F5Och7wrvtLVElIpclDT0CBzMVg3dL22B64aZwHtsIY8RB4mXICLrkajK4G9R+ieSAGcgrLeae2SeUTg2pr6w=="],

    "iceberg-js": ["iceberg-js@0.8.1", "", {}, "sha512-1dhVQZXhcHje7798IVM+xoo/1ZdVfzOMIc8/rgVSijRK38EDqOJoGula9N/8ZI5RD8QTxNQtK/Gozpr+qUqRRA=="],

    "lucide": ["lucide@0.469.0", "", {}, "sha512-ZmMtOekJ6g1UFqTvV9aWbkk+u/QxpfDpgUrbNj8jJEK+CtBdHVQ4akCA0TcTyeOvnL8RWo271UzFTimBRT0gKw=="],

    "motion": ["motion@11.18.2", "", { "dependencies": { "framer-motion": "^11.18.2", "tslib": "^2.4.0" }, "peerDependencies": { "@emotion/is-prop-valid": "*", "react": "^18.0.0 || ^19.0.0", "react-dom": "^18.0.0 || ^19.0.0" }, "optionalPeers": ["@emotion/is-prop-valid", "react", "react-dom"] }, "sha512-JLjvFDuFr42NFtcVoMAyC2sEjnpA8xpy6qWPyzQvCloznAyQ8FIXioxWfHiLtgYhoVpfUqSWpn1h9++skj9+Wg=="],

    "motion-dom": ["motion-dom@11.18.1", "", { "dependencies": { "motion-utils": "^11.18.1" } }, "sha512-g76KvA001z+atjfxczdRtw/RXOM3OMSdd1f4DL77qCTF/+avrRJiawSG4yDibEQ215sr9kpinSlX2pCTJ9zbhw=="],

    "motion-utils": ["motion-utils@11.18.1", "", {}, "sha512-49Kt+HKjtbJKLtgO/LKj9Ld+6vw9BjH5d9sc40R/kVyH8GLAXgT42M2NnuPcJNuA3s9ZfZBUcwIgpmZWGEE+hA=="],

    "react": ["react@19.2.8", "", {}, "sha512-PWaYA1L/q9u2u7xYQi+Y3L3Yfnie7XyLeaJICV1MGD6LprsBxcAqGjYyr0eY3p+QdsA+x/Irkt4Qif8D63+Sbw=="],

    "react-dom": ["react-dom@19.2.8", "", { "dependencies": { "scheduler": "^0.27.0" }, "peerDependencies": { "react": "^19.2.8" } }, "sha512-rVprimfGBG3DR+Tq0IQG2DT5PxKth1WIGDmj5yPmlzr4YBe7uyE+Du4oVqTDXZSHGGGXRtTJEGSSePyQCMBglQ=="],

    "scheduler": ["scheduler@0.27.0", "", {}, "sha512-eNv+WrVbKu1f3vbYJT/xtiF5syA5HPIMtf9IgY/nKg0sWqzAUEvqY/xm7OcZc/qafLx/iO9FgOmeSAp4v5ti/Q=="],

    "tslib": ["tslib@2.8.1", "", {}, "sha512-oJFu94HQb+KVduSUQL7wnpmqnfmLsOA/nAh6b6EH0wCEoK0/mPeXU6c3wKDV83MkOuHPRHtSXKKU99IBazS/2w=="],

    "typescript": ["typescript@5.9.3", "", { "bin": { "tsc": "bin/tsc", "tsserver": "bin/tsserver" } }, "sha512-jl1vZzPDinLr9eUt3J/t7V6FgNEw9QjvBPdysz9KfQDD41fQrC2Y4vKQdiaUpFT4bXlb1RHhLpp8wtm6M5TgSw=="],

    "undici-types": ["undici-types@8.3.0", "", {}, "sha512-j375ScV60dom+YkPFIfTLcOiPxkN/buHz5GobjLhixFuANaNs3C9l4GmrWqejgXWJ7BbJcFYpTEUkS1Ge8bpZQ=="],
  }
}
